version = 1
revision = 3
requires-python = ">=3.14"

[[package]]
name = "cffi"
version = "2.0.0"
source = { registry = "https://pypi.org/simple" }
dependencies = [
    { name = "pycparser", marker = "implementation_name != 'PyPy'" },
]
sdist = { url = "https://files.pythonhosted.org/packages/eb/56/b1ba7935a17738ae8453301356628e8147c79dbb825bcbc73dc7401f9846/cffi-2.0.0.tar.gz", hash = "sha256:44d1b5909021139fe36001ae048dbdde8214afa20200eda0f64c068cac5d5529", size = 523588, upload-time = "2025-09-08T23:24:04.541Z" }
wheels = [
    { url = "https://files.pythonhosted.org/packages/92/c4/3ce07396253a83250ee98564f8d7e9789fab8e58858f35d07a9a2c78de9f/cffi-2.0.0-cp314-cp314-macosx_10_13_x86_64.whl", hash = "sha256:fc33c5141b55ed366cfaad382df24fe7dcbc686de5be719b207bb248e3053dc5", size = 185320, upload-time = "2025-09-08T23:23:18.087Z" },
    { url = "https://files.pythonhosted.org/packages/59/dd/27e9fa567a23931c838c6b02d0764611c62290062a6d4e8ff7863daf9730/cffi-2.0.0-cp314-cp314-macosx_11_0_arm64.whl", hash = "sha256:c654de545946e0db659b3400168c9ad31b5d29593291482c43e3564effbcee13", size = 181487, upload-time = "2025-09-08T23:23:19.622Z" },
    { url = "https://files.pythonhosted.org/packages/d6/43/0e822876f87ea8a4ef95442c3d766a06a51fc5298823f884ef87aaad168c/cffi-2.0.0-cp314-cp314-manylinux2014_aarch64.manylinux_2_17_aarch64.whl", hash = "sha256:24b6f81f1983e6df8db3adc38562c83f7d4a0c36162885ec7f7b77c7dcbec97b", size = 220049, upload-time = "2025-09-08T23:23:20.853Z" },
    { url = "https://files.pythonhosted.org/packages/b4/89/76799151d9c2d2d1ead63c2429da9ea9d7aac304603de0c6e8764e6e8e70/cffi-2.0.0-cp314-cp314-manylinux2014_ppc64le.manylinux_2_17_ppc64le.whl", hash = "sha256:12873ca6cb9b0f0d3a0da705d6086fe911591737a59f28b7936bdfed27c0d47c", size = 207793, upload-time = "2025-09-08T23:23:22.08Z" },
    { url = "https://files.pythonhosted.org/packages/bb/dd/3465b14bb9e24ee24cb88c9e3730f6de63111fffe513492bf8c808a3547e/cffi-2.0.0-cp314-cp314-manylinux2014_s390x.manylinux_2_17_s390x.whl", hash = "sha256:d9b97165e8aed9272a6bb17c01e3cc5871a594a446ebedc996e2397a1c1ea8ef", size = 206300, upload-time = "2025-09-08T23:23:23.314Z" },
    { url = "https://files.pythonhosted.org/packages/47/d9/d83e293854571c877a92da46fdec39158f8d7e68da75bf73581225d28e90/cffi-2.0.0-cp314-cp314-manylinux2014_x86_64.manylinux_2_17_x86_64.whl", hash = "sha256:afb8db5439b81cf9c9d0c80404b60c3cc9c3add93e114dcae767f1477cb53775", size = 219244, upload-time = "2025-09-08T23:23:24.541Z" },
    { url = "https://files.pythonhosted.org/packages/2b/0f/1f177e3683aead2bb00f7679a16451d302c436b5cbf2505f0ea8146ef59e/cffi-2.0.0-cp314-cp314-musllinux_1_2_aarch64.whl", hash = "sha256:737fe7d37e1a1bffe70bd5754ea763a62a066dc5913ca57e957824b72a85e205", size = 222828, upload-time = "2025-09-08T23:23:26.143Z" },
    { url = "https://files.pythonhosted.org/packages/c6/0f/cafacebd4b040e3119dcb32fed8bdef8dfe94da653155f9d0b9dc660166e/cffi-2.0.0-cp314-cp314-musllinux_1_2_x86_64.whl", hash = "sha256:38100abb9d1b1435bc4cc340bb4489635dc2f0da7456590877030c9b3d40b0c1", size = 220926, upload-time = "2025-09-08T23:23:27.873Z" },
    { url = "https://files.pythonhosted.org/packages/3e/aa/df335faa45b395396fcbc03de2dfcab242cd61a9900e914fe682a59170b1/cffi-2.0.0-cp314-cp314-win32.whl", hash = "sha256:087067fa8953339c723661eda6b54bc98c5625757ea62e95eb4898ad5e776e9f", size = 175328, upload-time = "2025-09-08T23:23:44.61Z" },
    { url = "https://files.pythonhosted.org/packages/bb/92/882c2d30831744296ce713f0feb4c1cd30f346ef747b530b5318715cc367/cffi-2.0.0-cp314-cp314-win_amd64.whl", hash = "sha256:203a48d1fb583fc7d78a4c6655692963b860a417c0528492a6bc21f1aaefab25", size = 185650, upload-time = "2025-09-08T23:23:45.848Z" },
    { url = "https://files.pythonhosted.org/packages/9f/2c/98ece204b9d35a7366b5b2c6539c350313ca13932143e79dc133ba757104/cffi-2.0.0-cp314-cp314-win_arm64.whl", hash = "sha256:dbd5c7a25a7cb98f5ca55d258b103a2054f859a46ae11aaf23134f9cc0d356ad", size = 180687, upload-time = "2025-09-08T23:23:47.105Z" },
    { url = "https://files.pythonhosted.org/packages/3e/61/c768e4d548bfa607abcda77423448df8c471f25dbe64fb2ef6d555eae006/cffi-2.0.0-cp314-cp314t-macosx_10_13_x86_64.whl", hash = "sha256:9a67fc9e8eb39039280526379fb3a70023d77caec1852002b4da7e8b270c4dd9", size = 188773, upload-time = "2025-09-08T23:23:29.347Z" },
    { url = "https://files.pythonhosted.org/packages/2c/ea/5f76bce7cf6fcd0ab1a1058b5af899bfbef198bea4d5686da88471ea0336/cffi-2.0.0-cp314-cp314t-macosx_11_0_arm64.whl", hash = "sha256:7a66c7204d8869299919db4d5069a82f1561581af12b11b3c9f48c584eb8743d", size = 185013, upload-time = "2025-09-08T23:23:30.63Z" },
    { url = "https://files.pythonhosted.org/packages/be/b4/c56878d0d1755cf9caa54ba71e5d049479c52f9e4afc230f06822162ab2f/cffi-2.0.0-cp314-cp314t-manylinux2014_aarch64.manylinux_2_17_aarch64.whl", hash = "sha256:7cc09976e8b56f8cebd752f7113ad07752461f48a58cbba644139015ac24954c", size = 221593, upload-time = "2025-09-08T23:23:31.91Z" },
    { url = "https://files.pythonhosted.org/packages/e0/0d/eb704606dfe8033e7128df5e90fee946bbcb64a04fcdaa97321309004000/cffi-2.0.0-cp314-cp314t-manylinux2014_ppc64le.manylinux_2_17_ppc64le.whl", hash = "sha256:92b68146a71df78564e4ef48af17551a5ddd142e5190cdf2c5624d0c3ff5b2e8", size = 209354, upload-time = "2025-09-08T23:23:33.214Z" },
    { url = "https://files.pythonhosted.org/packages/d8/19/3c435d727b368ca475fb8742ab97c9cb13a0de600ce86f62eab7fa3eea60/cffi-2.0.0-cp314-cp314t-manylinux2014_s390x.manylinux_2_17_s390x.whl", hash = "sha256:b1e74d11748e7e98e2f426ab176d4ed720a64412b6a15054378afdb71e0f37dc", size = 208480, upload-time = "2025-09-08T23:23:34.495Z" },
    { url = "https://files.pythonhosted.org/packages/d0/44/681604464ed9541673e486521497406fadcc15b5217c3e326b061696899a/cffi-2.0.0-cp314-cp314t-manylinux2014_x86_64.manylinux_2_17_x86_64.whl", hash = "sha256:28a3a209b96630bca57cce802da70c266eb08c6e97e5afd61a75611ee6c64592", size = 221584, upload-time = "2025-09-08T23:23:36.096Z" },
    { url = "https://files.pythonhosted.org/packages/25/8e/342a504ff018a2825d395d44d63a767dd8ebc927ebda557fecdaca3ac33a/cffi-2.0.0-cp314-cp314t-musllinux_1_2_aarch64.whl", hash = "sha256:7553fb2090d71822f02c629afe6042c299edf91ba1bf94951165613553984512", size = 224443, upload-time = "2025-09-08T23:23:37.328Z" },
    { url = "https://files.pythonhosted.org/packages/e1/5e/b666bacbbc60fbf415ba9988324a132c9a7a0448a9a8f125074671c0f2c3/cffi-2.0.0-cp314-cp314t-musllinux_1_2_x86_64.whl", hash = "sha256:6c6c373cfc5c83a975506110d17457138c8c63016b563cc9ed6e056a82f13ce4", size = 223437, upload-time = "2025-09-08T23:23:38.945Z" },
    { url = "https://files.pythonhosted.org/packages/a0/1d/ec1a60bd1a10daa292d3cd6bb0b359a81607154fb8165f3ec95fe003b85c/cffi-2.0.0-cp314-cp314t-win32.whl", hash = "sha256:1fc9ea04857caf665289b7a75923f2c6ed559b8298a1b8c49e59f7dd95c8481e", size = 180487, upload-time = "2025-09-08T23:23:40.423Z" },
    { url = "https://files.pythonhosted.org/packages/bf/41/4c1168c74fac325c0c8156f04b6749c8b6a8f405bbf91413ba088359f60d/cffi-2.0.0-cp314-cp314t-win_amd64.whl", hash = "sha256:d68b6cef7827e8641e8ef16f4494edda8b36104d79773a334beaa1e3521430f6", size = 191726, upload-time = "2025-09-08T23:23:41.742Z" },
    { url = "https://files.pythonhosted.org/packages/ae/3a/dbeec9d1ee0844c679f6bb5d6ad4e9f198b1224f4e7a32825f47f6192b0c/cffi-2.0.0-cp314-cp314t-win_arm64.whl", hash = "sha256:0a1527a803f0a659de1af2e1fd700213caba79377e27e4693648c2923da066f9", size = 184195, upload-time = "2025-09-08T23:23:43.004Z" },
]

[[package]]
name = "glfw"
version = "2.10.0"
source = { registry = "https://pypi.org/simple" }
sdist = { url = "https://files.pythonhosted.org/packages/96/72/642d4f12f61816ac96777f7360d413e3977a7dd08237d196f02da681b186/glfw-2.10.0.tar.gz", hash = "sha256:801e55d8581b34df9aa2cfea43feb06ff617576e2a8cc5dac23ee75b26d10abe", size = 31475, upload-time = "2025-09-12T08:54:38.871Z" }
wheels = [
    { url = "https://files.pythonhosted.org/packages/3d/1f/a9ce08b1173b0ab625ee92f0c47a5278b3e76fd367699880d8ee7d56c338/glfw-2.10.0-py2.py27.py3.py30.py31.py32.py33.py34.py35.py36.py37.py38.p39.p310.p311.p312.p313-none-macosx_10_6_intel.whl", hash = "sha256:5f365a8c94bcea71ec91327e7c16e7cf739128479a18b8c1241b004b40acc412", size = 105329, upload-time = "2025-09-12T08:54:27.938Z" },
    { url = "https://files.pythonhosted.org/packages/7c/96/5a2220abcbd027eebcf8bedd28207a2de168899e51be13ba01ebdd4147a1/glfw-2.10.0-py2.py27.py3.py30.py31.py32.py33.py34.py35.py36.py37.py38.p39.p310.p311.p312.p313-none-macosx_11_0_arm64.whl", hash = "sha256:5328db1a92d07abd988730517ec02aa8390d3e6ef7ce98c8b57ecba2f43a39ba", size = 102179, upload-time = "2025-09-12T08:54:29.163Z" },
    { url = "https://files.pythonhosted.org/packages/9d/41/a5bd1d9e1808f400102bd7d328c4ac17b65fb2fc8014014ec6f23d02f662/glfw-2.10.0-py2.py27.py3.py30.py31.py32.py33.py34.py35.py36.py37.py38.p39.p310.p311.p312.p313-none-manylinux2014_aarch64.whl", hash = "sha256:312c4c1dd5509613ed6bc1e95a8dbb75a36b6dcc4120f50dc3892b40172e9053", size = 230039, upload-time = "2025-09-12T08:54:30.201Z" },
    { url = "https://files.pythonhosted.org/packages/80/aa/3b503c448609dee6cb4e7138b4109338f0e65b97be107ab85562269d378d/glfw-2.10.0-py2.py27.py3.py30.py31.py32.py33.py34.py35.py36.py37.py38.p39.p310.p311.p312.p313-none-manylinux2014_x86_64.whl", hash = "sha256:59c53387dc08c62e8bed86bbe3a8d53ab1b27161281ffa0e7f27b64284e2627c", size = 241984, upload-time = "2025-09-12T08:54:31.347Z" },
    { url = "https://files.pythonhosted.org/packages/ac/2d/bfe39a42cad8e80b02bf5f7cae19ba67832c1810bbd3624a8e83153d74a4/glfw-2.10.0-py2.py27.py3.py30.py31.py32.py33.py34.py35.py36.py37.py38.p39.p310.p311.p312.p313-none-manylinux_2_28_aarch64.whl", hash = "sha256:c6f292fdaf3f9a99e598ede6582d21c523a6f51f8f5e66213849101a6bcdc699", size = 231052, upload-time = "2025-09-12T08:54:32.859Z" },
    { url = "https://files.pythonhosted.org/packages/f7/02/6e639e90f181dc9127046e00d0528f9f7ad12d428972e3a5378b9aefdb0b/glfw-2.10.0-py2.py27.py3.py30.py31.py32.py33.py34.py35.py36.py37.py38.p39.p310.p311.p312.p313-none-manylinux_2_28_x86_64.whl", hash = "sha256:7916034efa867927892635733a3b6af8cd95ceb10566fd7f1e0d2763c2ee8b12", size = 243525, upload-time = "2025-09-12T08:54:34.006Z" },
    { url = "https://files.pythonhosted.org/packages/84/06/cb588ca65561defe0fc48d1df4c2ac12569b81231ae4f2b52ab37007d0bd/glfw-2.10.0-py2.py27.py3.py30.py31.py32.py33.py34.py35.py36.py37.py38.p39.p310.p311.p312.p313-none-win32.whl", hash = "sha256:6c9549da71b93e367b4d71438798daae1da2592039fd14204a80a1a2348ae127", size = 552685, upload-time = "2025-09-12T08:54:35.723Z" },
    { url = "https://files.pythonhosted.org/packages/86/27/00c9c96af18ac0a5eac2ff61cbe306551a2d770d7173f396d0792ee1a59e/glfw-2.10.0-py2.py27.py3.py30.py31.py32.py33.py34.py35.py36.py37.py38.p39.p310.p311.p312.p313-none-win_amd64.whl", hash = "sha256:6292d5d6634d668cd23d337e6089491d3945a9aa4ac6e1667b0003520d7caa51", size = 559466, upload-time = "2025-09-12T08:54:37.661Z" },
    { url = "https://files.pythonhosted.org/packages/b3/87/de0b33f6f00687499ca1371f22aa73396341b85bf88f1a284f9da8842493/glfw-2.10.0-py2.py27.py3.py30.py31.py32.py33.py34.py35.py36.py37.py38.py39.py310.py311.py312.py313.py314-none-macosx_10_6_intel.whl", hash = "sha256:2aab89d2d9535635ba011fc7303390685169a1aa6731ad580d08d043524b8899", size = 105326, upload-time = "2026-01-28T05:57:56.083Z" },
    { url = "https://files.pythonhosted.org/packages/b6/a6/6ea2f73ad4474896d9e38b3ffbe6ffd5a802c738392269e99e8c6621a461/glfw-2.10.0-py2.py27.py3.py30.py31.py32.py33.py34.py35.py36.py37.py38.py39.py310.py311.py312.py313.py314-none-macosx_11_0_arm64.whl", hash = "sha256:23936202a107039b5372f0b88ae1d11080746aa1c78910a45d4a0c4cf408cfaa", size = 102180, upload-time = "2026-01-28T05:57:57.787Z" },
    { url = "https://files.pythonhosted.org/packages/58/19/d81b19e8261b9cb51b81d1402167791fef81088dfe91f0c4e9d136fdc5ca/glfw-2.10.0-py2.py27.py3.py30.py31.py32.py33.py34.py35.py36.py37.py38.py39.py310.py311.py312.py313.py314-none-manylinux2014_aarch64.whl", hash = "sha256:7be06d0838f61df67bd54cb6266a6193d54083acb3624ff3c3812a6358406fa4", size = 230038, upload-time = "2026-01-28T05:57:59.105Z" },
    { url = "https://files.pythonhosted.org/packages/e2/fa/b035636cd82198b97b51a93efe9cfc4343d6b15cefbd336a3f2be871d848/glfw-2.10.0-py2.py27.py3.py30.py31.py32.py33.py34.py35.py36.py37.py38.py39.py310.py311.py312.py313.py314-none-manylinux2014_x86_64.whl", hash = "sha256:91d36b3582a766512eff8e3b5dcc2d3ffcbf10b7cf448551085a08a10f1b8244", size = 241983, upload-time = "2026-01-28T05:58:00.352Z" },
    { url = "https://files.pythonhosted.org/packages/ff/b4/f7b6cc022dd7c68b6c702d19da5d591f978f89c958b9bd3090615db0c739/glfw-2.10.0-py2.py27.py3.py30.py31.py32.py33.py34.py35.py36.py37.py38.py39.py310.py311.py312.py313.py314-none-manylinux_2_28_aarch64.whl", hash = "sha256:27c9e9a2d5e1dc3c9e3996171d844d9df9a5a101e797cb94cce217b7afcf8fd9", size = 231053, upload-time = "2026-01-28T05:58:01.683Z" },
    { url = "https://files.pythonhosted.org/packages/5a/3f/efeb7c6801c46e11bd666a5180f0d615f74f72264212f74f39586c6fda9d/glfw-2.10.0-py2.py27.py3.py30.py31.py32.py33.py34.py35.py36.py37.py38.py39.py310.py311.py312.py313.py314-none-manylinux_2_28_x86_64.whl", hash = "sha256:ce6724bb7cb3d0543dcba17206dce909f94176e68220b8eafee72e9f92bcf542", size = 243522, upload-time = "2026-01-28T05:58:03.517Z" },
    { url = "https://files.pythonhosted.org/packages/cf/b9/b04c3aa0aad2870cfe799f32f8b59789c98e1816bbce9e83f4823c5b840b/glfw-2.10.0-py2.py27.py3.py30.py31.py32.py33.py34.py35.py36.py37.py38.py39.py310.py311.py312.py313.py314-none-win32.whl", hash = "sha256:fca724a21a372731edb290841edd28a9fb1ee490f833392752844ac807c0086a", size = 552682, upload-time = "2026-01-28T05:58:05.649Z" },
    { url = "https://files.pythonhosted.org/packages/bd/e1/6d6816b296a529ac9b897ad228b1e084eb1f92319e96371880eebdc874a6/glfw-2.10.0-py2.py27.py3.py30.py31.py32.py33.py34.py35.py36.py37.py38.py39.py310.py311.py312.py313.py314-none-win_amd64.whl", hash = "sha256:823c0bd7770977d4b10e0ed0aef2f3682276b7c88b8b65cfc540afce5951392f", size = 559464, upload-time = "2026-01-28T05:58:07.261Z" },
    { url = "https://files.pythonhosted.org/packages/8c/a8/d4dab8a58fc2e6981fc7a58c4e56ba9d777fb24931cec6a22152edbb3540/glfw-2.10.0-py2.py3-none-macosx_10_6_intel.whl", hash = "sha256:a0d1f29f206219cc291edfb6cace663a86da2470632551c998e3db82d48ea177", size = 105288, upload-time = "2026-03-10T17:21:19.929Z" },
    { url = "https://files.pythonhosted.org/packages/14/61/68d35e001872a7705112418da236fa2418d4f2e5419f8b2837f9b81bb3da/glfw-2.10.0-py2.py3-none-macosx_11_0_arm64.whl", hash = "sha256:d28d6f3ef217e64e35dc6fd0a7acb4cec9bfe7cd14dd9b35a7228a87002de154", size = 102139, upload-time = "2026-03-10T17:21:21.645Z" },
    { url = "https://files.pythonhosted.org/packages/4e/e1/ca5984081aaae07c9d371cb11dc4e4ff603510678ed9b73e58b6c351fe63/glfw-2.10.0-py2.py3-none-manylinux2014_aarch64.whl", hash = "sha256:f968b522bb6a0e04aaf4dcac30a476d7229308bb2bac406a60587debb5a61e29", size = 229998, upload-time = "2026-03-10T17:21:23.549Z" },
    { url = "https://files.pythonhosted.org/packages/fa/c4/82ac75fdcfba2896da7a573c0fc7f8ceb8f77ead6866d500d06c32f1c464/glfw-2.10.0-py2.py3-none-manylinux2014_x86_64.whl", hash = "sha256:68cf3752bdadb6f4bc0a876247c28c88c7251ac39f8af076ed938fdfd71e72dd", size = 241944, upload-time = "2026-03-10T17:21:26.102Z" },
    { url = "https://files.pythonhosted.org/packages/e3/96/9f691823cca5eb6a08f346bd0ff03b78032db9370b509a1e9c8976fb20a5/glfw-2.10.0-py2.py3-none-manylinux_2_28_aarch64.whl", hash = "sha256:44d98de5dbf8f727e0cb29f9b29d29528ea7570f2e6f42f8430a69df05f12b48", size = 231009, upload-time = "2026-03-10T17:21:28.481Z" },
    { url = "https://files.pythonhosted.org/packages/3f/93/977b9e679e356871d428ae7a1139ec767dd5177bed58a6344b4d2199e00f/glfw-2.10.0-py2.py3-none-manylinux_2_28_x86_64.whl", hash = "sha256:cca5158d62189e08792b1ae54f92307a282921a0e7783315b467e21b0a381c88", size = 243480, upload-time = "2026-03-10T17:21:30.538Z" },
    { url = "https://files.pythonhosted.org/packages/f9/bd/cea9569c8f2188b0a104472951420434a3e1f5cf26f5836ef9d7227a1a30/glfw-2.10.0-py2.py3-none-win32.whl", hash = "sha256:5e024509989740e8e7b86cc4aab508195495f79879072b0e1f68bd036a2916ad", size = 552641, upload-time = "2026-03-10T17:21:32.653Z" },
    { url = "https://files.pythonhosted.org/packages/cc/9b/4366ad3e1c0688146c70aa6143584d6a8d88583b9390f106250e25a3d5cd/glfw-2.10.0-py2.py3-none-win_amd64.whl", hash = "sha256:7f787ee8645781f10e8800438ce4357ab38c573ffb191aba380c1e72eba6311c", size = 559423, upload-time = "2026-03-10T17:21:34.766Z" },
]

[[package]]
name = "imgui-bundle"
version = "1.92.801"
source = { registry = "https://pypi.org/simple" }
sdist = { url = "https://files.pythonhosted.org/packages/c1/b9/4217165c5fa832dbe662c2d96f0810aa7280eb2cc3bcae2b7ac4260e3f08/imgui_bundle-1.92.801.tar.gz", hash = "sha256:7d790708affe7476969d397784b40eb91760a201ce752131e5bedf4d514e3a45", size = 48343289, upload-time = "2026-05-13T13:34:13.972Z" }
wheels = [
    { url = "https://files.pythonhosted.org/packages/b0/9e/482dcc3df4d8fcb46fbdbed52b055b5de07eab82d9bec0a1b3c5d280f7fd/imgui_bundle-1.92.801-cp314-cp314-macosx_14_0_arm64.whl", hash = "sha256:1a13952a7420794666abafbbfadf0e755b6b18e0b677b7f3f744469b71066c73", size = 10162464, upload-time = "2026-05-13T13:33:52.194Z" },
    { url = "https://files.pythonhosted.org/packages/29/93/470e3e9a71aeb1559c84651196e93678ccdf1729d5c6365051346a771356/imgui_bundle-1.92.801-cp314-cp314-manylinux_2_28_aarch64.whl", hash = "sha256:57e7e3bc18ac4d93ae796cd6f403b82c0a28be105848376a70b3a7075385d91d", size = 12244332, upload-time = "2026-05-13T13:33:54.821Z" },
    { url = "https://files.pythonhosted.org/packages/0a/44/b9eb9da81b7dd74eaba8b39af07d8d95717c2b2e251b6c3475d8f95a6195/imgui_bundle-1.92.801-cp314-cp314-manylinux_2_28_x86_64.whl", hash = "sha256:74a4ab84bc4336c9025c6c96033f44904a667a285ad188f31ca2c595f4fea1f0", size = 13339617, upload-time = "2026-05-13T13:33:57.848Z" },
    { url = "https://files.pythonhosted.org/packages/82/55/fe08eec7a64989beb2e970a775e279b4d6ab11d113849a4fc60d56154766/imgui_bundle-1.92.801-cp314-cp314-musllinux_1_2_aarch64.whl", hash = "sha256:5f56121d0ea45a92a291722ae235e8d8ad00eecf4afbbe5fa683b20dc4d077ed", size = 13297473, upload-time = "2026-05-13T13:34:00.843Z" },
    { url = "https://files.pythonhosted.org/packages/70/00/cab90cfb276a7843091a92899f4ec1d8289daf8add6a48322cd7d6b20b2c/imgui_bundle-1.92.801-cp314-cp314-musllinux_1_2_x86_64.whl", hash = "sha256:93e07d4623292b4cb8b0d7d62f5bc066d544c3d1f0902213c9713d9739e21ecf", size = 14199832, upload-time = "2026-05-13T13:34:03.852Z" },
    { url = "https://files.pythonhosted.org/packages/00/b9/5e625a50ff71773752e45145f39452bf2988dc6440089414941341b30bc1/imgui_bundle-1.92.801-cp314-cp314-win_amd64.whl", hash = "sha256:555d37df1fdde62d4d6bfaf985de90cbac6618358d65f1050d0a33269e88e230", size = 11384993, upload-time = "2026-05-13T13:34:06.62Z" },
    { url = "https://files.pythonhosted.org/packages/d1/4c/dbf7b4141694e4841450db778a8f68e98b2bde48d05e985e372cd3b21b06/imgui_bundle-1.92.801-cp314-cp314-win_arm64.whl", hash = "sha256:d0c73b38860996a7e6608d83e9d8d6a4d40f84968085583de58ecf89de479bd8", size = 10937072, upload-time = "2026-05-13T13:34:09.193Z" },
]

[[package]]
name = "numpy"
version = "2.4.4"
source = { registry = "https://pypi.org/simple" }
sdist = { url = "https://files.pythonhosted.org/packages/d7/9f/b8cef5bffa569759033adda9481211426f12f53299629b410340795c2514/numpy-2.4.4.tar.gz", hash = "sha256:2d390634c5182175533585cc89f3608a4682ccb173cc9bb940b2881c8d6f8fa0", size = 20731587, upload-time = "2026-03-29T13:22:01.298Z" }
wheels = [
    { url = "https://files.pythonhosted.org/packages/6e/06/c54062f85f673dd5c04cbe2f14c3acb8c8b95e3384869bb8cc9bff8cb9df/numpy-2.4.4-cp314-cp314-macosx_10_15_x86_64.whl", hash = "sha256:f169b9a863d34f5d11b8698ead99febeaa17a13ca044961aa8e2662a6c7766a0", size = 16684353, upload-time = "2026-03-29T13:20:29.504Z" },
    { url = "https://files.pythonhosted.org/packages/4c/39/8a320264a84404c74cc7e79715de85d6130fa07a0898f67fb5cd5bd79908/numpy-2.4.4-cp314-cp314-macosx_11_0_arm64.whl", hash = "sha256:2483e4584a1cb3092da4470b38866634bafb223cbcd551ee047633fd2584599a", size = 14704914, upload-time = "2026-03-29T13:20:33.547Z" },
    { url = "https://files.pythonhosted.org/packages/91/fb/287076b2614e1d1044235f50f03748f31fa287e3dbe6abeb35cdfa351eca/numpy-2.4.4-cp314-cp314-macosx_14_0_arm64.whl", hash = "sha256:2d19e6e2095506d1736b7d80595e0f252d76b89f5e715c35e06e937679ea7d7a", size = 5210005, upload-time = "2026-03-29T13:20:36.45Z" },
    { url = "https://files.pythonhosted.org/packages/63/eb/fcc338595309910de6ecabfcef2419a9ce24399680bfb149421fa2df1280/numpy-2.4.4-cp314-cp314-macosx_14_0_x86_64.whl", hash = "sha256:6a246d5914aa1c820c9443ddcee9c02bec3e203b0c080349533fae17727dfd1b", size = 6544974, upload-time = "2026-03-29T13:20:39.014Z" },
    { url = "https://files.pythonhosted.org/packages/44/5d/e7e9044032a716cdfaa3fba27a8e874bf1c5f1912a1ddd4ed071bf8a14a6/numpy-2.4.4-cp314-cp314-manylinux_2_27_aarch64.manylinux_2_28_aarch64.whl", hash = "sha256:989824e9faf85f96ec9c7761cd8d29c531ad857bfa1daa930cba85baaecf1a9a", size = 15684591, upload-time = "2026-03-29T13:20:42.146Z" },
    { url = "https://files.pythonhosted.org/packages/98/7c/21252050676612625449b4807d6b695b9ce8a7c9e1c197ee6216c8a65c7c/numpy-2.4.4-cp314-cp314-manylinux_2_27_x86_64.manylinux_2_28_x86_64.whl", hash = "sha256:27a8d92cd10f1382a67d7cf4db7ce18341b66438bdd9f691d7b0e48d104c2a9d", size = 16637700, upload-time = "2026-03-29T13:20:46.204Z" },
    { url = "https://files.pythonhosted.org/packages/b1/29/56d2bbef9465db24ef25393383d761a1af4f446a1df9b8cded4fe3a5a5d7/numpy-2.4.4-cp314-cp314-musllinux_1_2_aarch64.whl", hash = "sha256:e44319a2953c738205bf3354537979eaa3998ed673395b964c1176083dd46252", size = 17035781, upload-time = "2026-03-29T13:20:50.242Z" },
    { url = "https://files.pythonhosted.org/packages/e3/2b/a35a6d7589d21f44cea7d0a98de5ddcbb3d421b2622a5c96b1edf18707c3/numpy-2.4.4-cp314-cp314-musllinux_1_2_x86_64.whl", hash = "sha256:e892aff75639bbef0d2a2cfd55535510df26ff92f63c92cd84ef8d4ba5a5557f", size = 18362959, upload-time = "2026-03-29T13:20:54.019Z" },
    { url = "https://files.pythonhosted.org/packages/64/c9/d52ec581f2390e0f5f85cbfd80fb83d965fc15e9f0e1aec2195faa142cde/numpy-2.4.4-cp314-cp314-win32.whl", hash = "sha256:1378871da56ca8943c2ba674530924bb8ca40cd228358a3b5f302ad60cf875fc", size = 6008768, upload-time = "2026-03-29T13:20:56.912Z" },
    { url = "https://files.pythonhosted.org/packages/fa/22/4cc31a62a6c7b74a8730e31a4274c5dc80e005751e277a2ce38e675e4923/numpy-2.4.4-cp314-cp314-win_amd64.whl", hash = "sha256:715d1c092715954784bc79e1174fc2a90093dc4dc84ea15eb14dad8abdcdeb74", size = 12449181, upload-time = "2026-03-29T13:20:59.548Z" },
    { url = "https://files.pythonhosted.org/packages/70/2e/14cda6f4d8e396c612d1bf97f22958e92148801d7e4f110cabebdc0eef4b/numpy-2.4.4-cp314-cp314-win_arm64.whl", hash = "sha256:2c194dd721e54ecad9ad387c1d35e63dce5c4450c6dc7dd5611283dda239aabb", size = 10496035, upload-time = "2026-03-29T13:21:02.524Z" },
    { url = "https://files.pythonhosted.org/packages/b1/e8/8fed8c8d848d7ecea092dc3469643f9d10bc3a134a815a3b033da1d2039b/numpy-2.4.4-cp314-cp314t-macosx_11_0_arm64.whl", hash = "sha256:2aa0613a5177c264ff5921051a5719d20095ea586ca88cc802c5c218d1c67d3e", size = 14824958, upload-time = "2026-03-29T13:21:05.671Z" },
    { url = "https://files.pythonhosted.org/packages/05/1a/d8007a5138c179c2bf33ef44503e83d70434d2642877ee8fbb230e7c0548/numpy-2.4.4-cp314-cp314t-macosx_14_0_arm64.whl", hash = "sha256:42c16925aa5a02362f986765f9ebabf20de75cdefdca827d14315c568dcab113", size = 5330020, upload-time = "2026-03-29T13:21:08.635Z" },
    { url = "https://files.pythonhosted.org/packages/99/64/ffb99ac6ae93faf117bcbd5c7ba48a7f45364a33e8e458545d3633615dda/numpy-2.4.4-cp314-cp314t-macosx_14_0_x86_64.whl", hash = "sha256:874f200b2a981c647340f841730fc3a2b54c9d940566a3c4149099591e2c4c3d", size = 6650758, upload-time = "2026-03-29T13:21:10.949Z" },
    { url = "https://files.pythonhosted.org/packages/6e/6e/795cc078b78a384052e73b2f6281ff7a700e9bf53bcce2ee579d4f6dd879/numpy-2.4.4-cp314-cp314t-manylinux_2_27_aarch64.manylinux_2_28_aarch64.whl", hash = "sha256:c9b39d38a9bd2ae1becd7eac1303d031c5c110ad31f2b319c6e7d98b135c934d", size = 15729948, upload-time = "2026-03-29T13:21:14.047Z" },
    { url = "https://files.pythonhosted.org/packages/5f/86/2acbda8cc2af5f3d7bfc791192863b9e3e19674da7b5e533fded124d1299/numpy-2.4.4-cp314-cp314t-manylinux_2_27_x86_64.manylinux_2_28_x86_64.whl", hash = "sha256:b268594bccac7d7cf5844c7732e3f20c50921d94e36d7ec9b79e9857694b1b2f", size = 16679325, upload-time = "2026-03-29T13:21:17.561Z" },
    { url = "https://files.pythonhosted.org/packages/bc/59/cafd83018f4aa55e0ac6fa92aa066c0a1877b77a615ceff1711c260ffae8/numpy-2.4.4-cp314-cp314t-musllinux_1_2_aarch64.whl", hash = "sha256:ac6b31e35612a26483e20750126d30d0941f949426974cace8e6b5c58a3657b0", size = 17084883, upload-time = "2026-03-29T13:21:21.106Z" },
    { url = "https://files.pythonhosted.org/packages/f0/85/a42548db84e65ece46ab2caea3d3f78b416a47af387fcbb47ec28e660dc2/numpy-2.4.4-cp314-cp314t-musllinux_1_2_x86_64.whl", hash = "sha256:8e3ed142f2728df44263aaf5fb1f5b0b99f4070c553a0d7f033be65338329150", size = 18403474, upload-time = "2026-03-29T13:21:24.828Z" },
    { url = "https://files.pythonhosted.org/packages/ed/ad/483d9e262f4b831000062e5d8a45e342166ec8aaa1195264982bca267e62/numpy-2.4.4-cp314-cp314t-win32.whl", hash = "sha256:dddbbd259598d7240b18c9d87c56a9d2fb3b02fe266f49a7c101532e78c1d871", size = 6155500, upload-time = "2026-03-29T13:21:28.205Z" },
    { url = "https://files.pythonhosted.org/packages/c7/03/2fc4e14c7bd4ff2964b74ba90ecb8552540b6315f201df70f137faa5c589/numpy-2.4.4-cp314-cp314t-win_amd64.whl", hash = "sha256:a7164afb23be6e37ad90b2f10426149fd75aee07ca55653d2aa41e66c4ef697e", size = 12637755, upload-time = "2026-03-29T13:21:31.107Z" },
    { url = "https://files.pythonhosted.org/packages/58/78/548fb8e07b1a341746bfbecb32f2c268470f45fa028aacdbd10d9bc73aab/numpy-2.4.4-cp314-cp314t-win_arm64.whl", hash = "sha256:ba203255017337d39f89bdd58417f03c4426f12beed0440cfd933cb15f8669c7", size = 10566643, upload-time = "2026-03-29T13:21:34.339Z" },
]

[[package]]
name = "pycparser"
version = "3.0"
source = { registry = "https://pypi.org/simple" }
sdist = { url = "https://files.pythonhosted.org/packages/1b/7d/92392ff7815c21062bea51aa7b87d45576f649f16458d78b7cf94b9ab2e6/pycparser-3.0.tar.gz", hash = "sha256:600f49d217304a5902ac3c37e1281c9fe94e4d0489de643a9504c5cdfdfc6b29", size = 103492, upload-time = "2026-01-21T14:26:51.89Z" }
wheels = [
    { url = "https://files.pythonhosted.org/packages/0c/c3/44f3fbbfa403ea2a7c779186dc20772604442dde72947e7d01069cbe98e3/pycparser-3.0-py3-none-any.whl", hash = "sha256:b727414169a36b7d524c1c3e31839a521725078d7b2ff038656844266160a992", size = 48172, upload-time = "2026-01-21T14:26:50.693Z" },
]

[[package]]
name = "pyheater"
version = "0.1.0"
source = { virtual = "." }
dependencies = [
    { name = "glfw" },
    { name = "imgui-bundle" },
    { name = "numpy" },
    { name = "rendercanvas" },
    { name = "wgpu" },
]

[package.metadata]
requires-dist = [
    { name = "glfw", specifier = ">=2.10.0" },
    { name = "imgui-bundle", specifier = ">=1.92.801" },
    { name = "numpy", specifier = ">=2.4.4" },
    { name = "rendercanvas", specifier = ">=2.6.3" },
    { name = "wgpu", specifier = ">=0.31.0" },
]

[[package]]
name = "rendercanvas"
version = "2.6.3"
source = { registry = "https://pypi.org/simple" }
dependencies = [
    { name = "numpy" },
]
sdist = { url = "https://files.pythonhosted.org/packages/dc/40/e162bd1eace4392d945fc8ffe90c9cceffeffd0eea227c4e60638a5f30d5/rendercanvas-2.6.3.tar.gz", hash = "sha256:c944ae7b6d89f7d25f2c72216d31cb28f0051f766ec49d049101bb961baaaaac", size = 90228, upload-time = "2026-03-12T13:43:10.272Z" }
wheels = [
    { url = "https://files.pythonhosted.org/packages/c1/b2/b06d7d89eef452ab50ad3e752604c09ec08c8eaf49484641e566a0e5141d/rendercanvas-2.6.3-py3-none-any.whl", hash = "sha256:c2defd04e3e29dcdf94b794e827045882925677bc48b04084f3b9696fd469018", size = 105194, upload-time = "2026-03-12T13:43:08.965Z" },
]

[[package]]
name = "rubicon-objc"
version = "0.5.3"
source = { registry = "https://pypi.org/simple" }
sdist = { url = "https://files.pythonhosted.org/packages/4f/d2/d39ecd205661a5c14c90dbd92a722a203848a3621785c9783716341de427/rubicon_objc-0.5.3.tar.gz", hash = "sha256:74c25920c5951a05db9d3a1aac31d23816ec7dacc841a5b124d911b99ea71b9a", size = 171512, upload-time = "2025-12-03T03:51:10.264Z" }
wheels = [
    { url = "https://files.pythonhosted.org/packages/93/ab/e834c01138c272fb2e37d2f3c7cba708bc694dbc7b3f03b743f29ceb92d5/rubicon_objc-0.5.3-py3-none-any.whl", hash = "sha256:31dedcda9be38435f5ec067906e1eea5d0ddb790330e98a22e94ff424758b415", size = 64414, upload-time = "2025-12-03T03:51:09.082Z" },
]

[[package]]
name = "wgpu"
version = "0.31.0"
source = { registry = "https://pypi.org/simple" }
dependencies = [
    { name = "cffi" },
    { name = "rendercanvas" },
    { name = "rubicon-objc", marker = "sys_platform == 'darwin'" },
]
sdist = { url = "https://files.pythonhosted.org/packages/7c/0a/037c776ed096544455d9765ebc28239cab5dfe86a69c10f1b234d8ccb2c6/wgpu-0.31.0.tar.gz", hash = "sha256:91c2fd4fb3ffed995646f3151db459bf3f8a2f25ec4604af8fb11765d607a436", size = 161867, upload-time = "2026-03-02T13:44:59.718Z" }
wheels = [
    { url = "https://files.pythonhosted.org/packages/df/50/791dbcb3b3efc0c4fe96bb6794e10b528db7b35b2e38952c0119fb4f3d9c/wgpu-0.31.0-py3-none-macosx_10_9_x86_64.whl", hash = "sha256:fed7466c0427080993f0f0dac0ba7a02b4c5900e36d58c4e6e010a088c525c18", size = 2793593, upload-time = "2026-03-02T13:44:48.42Z" },
    { url = "https://files.pythonhosted.org/packages/fd/9a/f1d6d19ef6a1eda54114a81feacef98dcf05d33f86c6d9ef6f458a85eff0/wgpu-0.31.0-py3-none-macosx_11_0_arm64.whl", hash = "sha256:b49b8308451f7dbcdec1230012f0ff9eacce510135fcfea1a8379d4e6b7e633a", size = 2685094, upload-time = "2026-03-02T13:44:50.138Z" },
    { url = "https://files.pythonhosted.org/packages/58/c7/884910bb2a04edf18bd6556ec82a62e31f10f06e336cdc5abea88fc0f7e4/wgpu-0.31.0-py3-none-manylinux_2_28_aarch64.whl", hash = "sha256:27222e64527182fb458c5dc96aabcb0f082b11436abb1fe8cfb6b28690e48689", size = 3392477, upload-time = "2026-03-02T13:44:51.853Z" },
    { url = "https://files.pythonhosted.org/packages/c5/a0/1657b85700cf5d72ba6595e4451be578755a181ad1d9935e6dcf2d84d1b4/wgpu-0.31.0-py3-none-manylinux_2_28_x86_64.whl", hash = "sha256:a5cca85fe39e7db67d3c4fcccb137e57e8c4a209b467d1752ba1e7f8b929fd2d", size = 3395091, upload-time = "2026-03-02T13:44:53.268Z" },
    { url = "https://files.pythonhosted.org/packages/93/60/3ffa0ed46b77cc7fb83dfa875f6a5d1f9f0f572364a7a100633b1a0f6b2a/wgpu-0.31.0-py3-none-win32.whl", hash = "sha256:bd2029952480794fa57e721876a7f67b513f580db6679963e5a1c52ea930ec6f", size = 3062228, upload-time = "2026-03-02T13:44:54.813Z" },
    { url = "https://files.pythonhosted.org/packages/8d/4b/25a85257a4049b4f618b50088b988c4a534d071d53bba7acdc9dc9e84a6b/wgpu-0.31.0-py3-none-win_amd64.whl", hash = "sha256:d57d0fd4edbce3698bf5b1bf4fb1384fb339606cdf4bfb00d0715101cca2d90e", size = 3243258, upload-time = "2026-03-02T13:44:56.461Z" },
    { url = "https://files.pythonhosted.org/packages/ec/0d/ce7b42297949d9ef4cb9bee55eac8fbb8655a6cd553d50295c423217a21f/wgpu-0.31.0-py3-none-win_arm64.whl", hash = "sha256:2689c6bd0f6aad28bb1267620308b48f22ca6f9cbc1a494858b936ed2fb9acc3", size = 3059351, upload-time = "2026-03-02T13:44:58.096Z" },
]
